
Microsoft Visual Studio Solution File, Format Version 12.00
# Visual Studio Version 17
VisualStudioVersion = 17.6.33815.320
MinimumVisualStudioVersion = 10.0.40219.1
Project("{FAE04EC0-301F-11D3-BF4B-00C04F79EFBC}") = "Module3_Exercise1", "Module3_Exercise1\Module3_Exercise1.csproj", "{9AF2675B-A188-41FA-A994-67EADF04A384}"
EndProject
Global
	GlobalSection(SolutionConfigurationPlatforms) = preSolution
		Debug|Any CPU = Debug|Any CPU
		Release|Any CPU = Release|Any CPU
	EndGlobalSection
	GlobalSection(ProjectConfigurationPlatforms) = postSolution
		{9AF2675B-A188-41FA-A994-67EADF04A384}.Debug|Any CPU.ActiveCfg = Debug|Any CPU
		{9AF2675B-A188-41FA-A994-67EADF04A384}.Debug|Any CPU.Build.0 = Debug|Any CPU
		{9AF2675B-A188-41FA-A994-67EADF04A384}.Release|Any CPU.ActiveCfg = Release|Any CPU
		{9AF2675B-A188-41FA-A994-67EADF04A384}.Release|Any CPU.Build.0 = Release|Any CPU
	EndGlobalSection
	GlobalSection(SolutionProperties) = preSolution
		HideSolutionNode = FALSE
	EndGlobalSection
	GlobalSection(ExtensibilityGlobals) = postSolution
		SolutionGuid = {FBE98B04-BC46-439D-BA1F-796FCF5CB306}
	EndGlobalSection
EndGlobal
